
Microsoft Visual Studio Solution File, Format Version 12.00
# Visual Studio Version 16
VisualStudioVersion = 16.0.34407.143
MinimumVisualStudioVersion = 10.0.40219.1
Project("{FAE04EC0-301F-11D3-BF4B-00C04F79EFBC}") = "Planet Pizza Project", "Planet Pizza Project.csproj", "{4C094723-3611-4FAE-88A6-031E7CD4A165}"
EndProject
Global
	GlobalSection(SolutionConfigurationPlatforms) = preSolution
		Debug|Any CPU = Debug|Any CPU
		Release|Any CPU = Release|Any CPU
	EndGlobalSection
	GlobalSection(ProjectConfigurationPlatforms) = postSolution
		{4C094723-3611-4FAE-88A6-031E7CD4A165}.Debug|Any CPU.ActiveCfg = Debug|Any CPU
		{4C094723-3611-4FAE-88A6-031E7CD4A165}.Debug|Any CPU.Build.0 = Debug|Any CPU
		{4C094723-3611-4FAE-88A6-031E7CD4A165}.Release|Any CPU.ActiveCfg = Release|Any CPU
		{4C094723-3611-4FAE-88A6-031E7CD4A165}.Release|Any CPU.Build.0 = Release|Any CPU
	EndGlobalSection
	GlobalSection(SolutionProperties) = preSolution
		HideSolutionNode = FALSE
	EndGlobalSection
	GlobalSection(ExtensibilityGlobals) = postSolution
		SolutionGuid = {CDF32592-9F05-46A5-BE4A-8887105476A3}
	EndGlobalSection
EndGlobal
